
Microsoft Visual Studio Solution File, Format Version 12.00
# Visual Studio Version 17
VisualStudioVersion = 17.8.34330.188
MinimumVisualStudioVersion = 10.0.40219.1
Project("{9A19103F-16F7-4668-BE54-9A1E7A4F7556}") = "HexaMaui", "HexaMaui.csproj", "{FEBDD573-4062-4735-BE10-BFF27913DAB0}"
EndProject
Project("{FAE04EC0-301F-11D3-BF4B-00C04F79EFBC}") = "HexaMauiTests", "..\HexaMauiTests\HexaMauiTests.csproj", "{0D5A8C37-62F6-4FB7-9AEB-FB30B1DF8EA5}"
EndProject
Global
	GlobalSection(SolutionConfigurationPlatforms) = preSolution
		Debug|Any CPU = Debug|Any CPU
		Release|Any CPU = Release|Any CPU
	EndGlobalSection
	GlobalSection(ProjectConfigurationPlatforms) = postSolution
		{FEBDD573-4062-4735-BE10-BFF27913DAB0}.Debug|Any CPU.ActiveCfg = Debug|Any CPU
		{FEBDD573-4062-4735-BE10-BFF27913DAB0}.Debug|Any CPU.Build.0 = Debug|Any CPU
		{FEBDD573-4062-4735-BE10-BFF27913DAB0}.Release|Any CPU.ActiveCfg = Release|Any CPU
		{FEBDD573-4062-4735-BE10-BFF27913DAB0}.Release|Any CPU.Build.0 = Release|Any CPU
		{0D5A8C37-62F6-4FB7-9AEB-FB30B1DF8EA5}.Debug|Any CPU.ActiveCfg = Debug|Any CPU
		{0D5A8C37-62F6-4FB7-9AEB-FB30B1DF8EA5}.Debug|Any CPU.Build.0 = Debug|Any CPU
		{0D5A8C37-62F6-4FB7-9AEB-FB30B1DF8EA5}.Release|Any CPU.ActiveCfg = Release|Any CPU
		{0D5A8C37-62F6-4FB7-9AEB-FB30B1DF8EA5}.Release|Any CPU.Build.0 = Release|Any CPU
	EndGlobalSection
	GlobalSection(SolutionProperties) = preSolution
		HideSolutionNode = FALSE
	EndGlobalSection
	GlobalSection(ExtensibilityGlobals) = postSolution
		SolutionGuid = {DC32795B-AAB0-4628-AAE7-85B0B3D2BC09}
	EndGlobalSection
EndGlobal
